
Microsoft Visual Studio Solution File, Format Version 12.00
# Visual Studio Version 16
VisualStudioVersion = 16.0.30309.148
MinimumVisualStudioVersion = 10.0.40219.1
Project("{FAE04EC0-301F-11D3-BF4B-00C04F79EFBC}") = "CarParkingCalcServiceAPI", "CarParkingCalcServiceAPI\CarParkingCalcServiceAPI.csproj", "{F930051D-85D0-4C86-8D0D-665CD1B477C4}"
EndProject
Project("{FAE04EC0-301F-11D3-BF4B-00C04F79EFBC}") = "CarParkingCalcServiceAPITests", "CarParkingCalcServiceAPITests\CarParkingCalcServiceAPITests.csproj", "{F33C4AFB-5EC8-476F-86AC-38917AD9A02D}"
EndProject
Global
	GlobalSection(SolutionConfigurationPlatforms) = preSolution
		Debug|Any CPU = Debug|Any CPU
		Release|Any CPU = Release|Any CPU
	EndGlobalSection
	GlobalSection(ProjectConfigurationPlatforms) = postSolution
		{F930051D-85D0-4C86-8D0D-665CD1B477C4}.Debug|Any CPU.ActiveCfg = Debug|Any CPU
		{F930051D-85D0-4C86-8D0D-665CD1B477C4}.Debug|Any CPU.Build.0 = Debug|Any CPU
		{F930051D-85D0-4C86-8D0D-665CD1B477C4}.Release|Any CPU.ActiveCfg = Release|Any CPU
		{F930051D-85D0-4C86-8D0D-665CD1B477C4}.Release|Any CPU.Build.0 = Release|Any CPU
		{F33C4AFB-5EC8-476F-86AC-38917AD9A02D}.Debug|Any CPU.ActiveCfg = Debug|Any CPU
		{F33C4AFB-5EC8-476F-86AC-38917AD9A02D}.Debug|Any CPU.Build.0 = Debug|Any CPU
		{F33C4AFB-5EC8-476F-86AC-38917AD9A02D}.Release|Any CPU.ActiveCfg = Release|Any CPU
		{F33C4AFB-5EC8-476F-86AC-38917AD9A02D}.Release|Any CPU.Build.0 = Release|Any CPU
	EndGlobalSection
	GlobalSection(SolutionProperties) = preSolution
		HideSolutionNode = FALSE
	EndGlobalSection
	GlobalSection(ExtensibilityGlobals) = postSolution
		SolutionGuid = {943A22BF-911C-40BB-8CFD-C42AEE37C7E5}
	EndGlobalSection
EndGlobal
